
Microsoft Visual Studio Solution File, Format Version 12.00
# Visual Studio Version 17
VisualStudioVersion = 17.0.31903.59
MinimumVisualStudioVersion = 10.0.40219.1
Project("{2150E333-8FDC-42A3-9474-1A3956D46DE8}") = "tests", "tests", "{5AD45C12-09D5-40B6-8F40-A9F62115CEF5}"
EndProject
Project("{2150E333-8FDC-42A3-9474-1A3956D46DE8}") = "Solution Items", "Solution Items", "{BDCAE9CE-ABE2-4BA2-87F1-FB1E2D85931D}"
	ProjectSection(SolutionItems) = preProject
		.editorconfig = .editorconfig
	EndProjectSection
EndProject
Project("{2150E333-8FDC-42A3-9474-1A3956D46DE8}") = "src", "src", "{DB60CEE9-8075-4FE5-8FC0-78BECB64ABD0}"
EndProject
Project("{2150E333-8FDC-42A3-9474-1A3956D46DE8}") = "Core", "Core", "{230737C0-5249-499D-9D95-D4BAA803D2A8}"
EndProject
Project("{2150E333-8FDC-42A3-9474-1A3956D46DE8}") = "Services", "Services", "{7A7C1C26-B14C-455D-92B7-50E51EC61FFB}"
EndProject
Project("{FAE04EC0-301F-11D3-BF4B-00C04F79EFBC}") = "HelpDesk.Core.Domain", "src\HelpDesk.Core.Domain\HelpDesk.Core.Domain.csproj", "{B282FA38-4CBA-4410-978A-40F5F3DAE732}"
EndProject
Project("{9A19103F-16F7-4668-BE54-9A1E7A4F7556}") = "HelpDesk.Domain", "src\HelpDesk.Domain\HelpDesk.Domain.csproj", "{F97A2950-8AD5-466B-B67F-51B758A00904}"
EndProject
Project("{9A19103F-16F7-4668-BE54-9A1E7A4F7556}") = "HelpDesk.Enums", "src\HelpDesk.Enums\HelpDesk.Enums.csproj", "{3EFA41FE-7254-4285-B8E0-80A822670E45}"
EndProject
Project("{FAE04EC0-301F-11D3-BF4B-00C04F79EFBC}") = "HelpDesk.Domain.Test", "tests\HelpDesk.Domain.Test\HelpDesk.Domain.Test.csproj", "{91B1A0A2-C2AF-410C-976C-EE07AE002FBE}"
EndProject
Project("{FAE04EC0-301F-11D3-BF4B-00C04F79EFBC}") = "HelpDesk.Core.Domain.Test", "tests\HelpDesk.Core.Domain.Test\HelpDesk.Core.Domain.Test.csproj", "{6B446907-993E-4001-B518-2A82E987EA3D}"
EndProject
Project("{2150E333-8FDC-42A3-9474-1A3956D46DE8}") = "Core", "Core", "{CC2968CC-F1EB-416A-BA6F-7427EA94CAF4}"
EndProject
Project("{2150E333-8FDC-42A3-9474-1A3956D46DE8}") = "Services", "Services", "{2E1FA29E-7A52-46FD-AD6C-0476A188BC3D}"
EndProject
Global
	GlobalSection(SolutionConfigurationPlatforms) = preSolution
		Debug|Any CPU = Debug|Any CPU
		Release|Any CPU = Release|Any CPU
	EndGlobalSection
	GlobalSection(ProjectConfigurationPlatforms) = postSolution
		{B282FA38-4CBA-4410-978A-40F5F3DAE732}.Debug|Any CPU.ActiveCfg = Debug|Any CPU
		{B282FA38-4CBA-4410-978A-40F5F3DAE732}.Debug|Any CPU.Build.0 = Debug|Any CPU
		{B282FA38-4CBA-4410-978A-40F5F3DAE732}.Release|Any CPU.ActiveCfg = Release|Any CPU
		{B282FA38-4CBA-4410-978A-40F5F3DAE732}.Release|Any CPU.Build.0 = Release|Any CPU
		{F97A2950-8AD5-466B-B67F-51B758A00904}.Debug|Any CPU.ActiveCfg = Debug|Any CPU
		{F97A2950-8AD5-466B-B67F-51B758A00904}.Debug|Any CPU.Build.0 = Debug|Any CPU
		{F97A2950-8AD5-466B-B67F-51B758A00904}.Release|Any CPU.ActiveCfg = Release|Any CPU
		{F97A2950-8AD5-466B-B67F-51B758A00904}.Release|Any CPU.Build.0 = Release|Any CPU
		{3EFA41FE-7254-4285-B8E0-80A822670E45}.Debug|Any CPU.ActiveCfg = Debug|Any CPU
		{3EFA41FE-7254-4285-B8E0-80A822670E45}.Debug|Any CPU.Build.0 = Debug|Any CPU
		{3EFA41FE-7254-4285-B8E0-80A822670E45}.Release|Any CPU.ActiveCfg = Release|Any CPU
		{3EFA41FE-7254-4285-B8E0-80A822670E45}.Release|Any CPU.Build.0 = Release|Any CPU
		{91B1A0A2-C2AF-410C-976C-EE07AE002FBE}.Debug|Any CPU.ActiveCfg = Debug|Any CPU
		{91B1A0A2-C2AF-410C-976C-EE07AE002FBE}.Debug|Any CPU.Build.0 = Debug|Any CPU
		{91B1A0A2-C2AF-410C-976C-EE07AE002FBE}.Release|Any CPU.ActiveCfg = Release|Any CPU
		{91B1A0A2-C2AF-410C-976C-EE07AE002FBE}.Release|Any CPU.Build.0 = Release|Any CPU
		{6B446907-993E-4001-B518-2A82E987EA3D}.Debug|Any CPU.ActiveCfg = Debug|Any CPU
		{6B446907-993E-4001-B518-2A82E987EA3D}.Debug|Any CPU.Build.0 = Debug|Any CPU
		{6B446907-993E-4001-B518-2A82E987EA3D}.Release|Any CPU.ActiveCfg = Release|Any CPU
		{6B446907-993E-4001-B518-2A82E987EA3D}.Release|Any CPU.Build.0 = Release|Any CPU
	EndGlobalSection
	GlobalSection(SolutionProperties) = preSolution
		HideSolutionNode = FALSE
	EndGlobalSection
	GlobalSection(NestedProjects) = preSolution
		{230737C0-5249-499D-9D95-D4BAA803D2A8} = {DB60CEE9-8075-4FE5-8FC0-78BECB64ABD0}
		{7A7C1C26-B14C-455D-92B7-50E51EC61FFB} = {DB60CEE9-8075-4FE5-8FC0-78BECB64ABD0}
		{B282FA38-4CBA-4410-978A-40F5F3DAE732} = {230737C0-5249-499D-9D95-D4BAA803D2A8}
		{F97A2950-8AD5-466B-B67F-51B758A00904} = {7A7C1C26-B14C-455D-92B7-50E51EC61FFB}
		{3EFA41FE-7254-4285-B8E0-80A822670E45} = {7A7C1C26-B14C-455D-92B7-50E51EC61FFB}
		{91B1A0A2-C2AF-410C-976C-EE07AE002FBE} = {2E1FA29E-7A52-46FD-AD6C-0476A188BC3D}
		{6B446907-993E-4001-B518-2A82E987EA3D} = {CC2968CC-F1EB-416A-BA6F-7427EA94CAF4}
		{CC2968CC-F1EB-416A-BA6F-7427EA94CAF4} = {5AD45C12-09D5-40B6-8F40-A9F62115CEF5}
		{2E1FA29E-7A52-46FD-AD6C-0476A188BC3D} = {5AD45C12-09D5-40B6-8F40-A9F62115CEF5}
	EndGlobalSection
	GlobalSection(ExtensibilityGlobals) = postSolution
		SolutionGuid = {0CA4278E-59FB-4587-81BA-43A87C9A0E75}
	EndGlobalSection
EndGlobal
